
Microsoft Visual Studio Solution File, Format Version 12.00
# Visual Studio Version 16
VisualStudioVersion = 16.0.31702.278
MinimumVisualStudioVersion = 10.0.40219.1
Project("{FAE04EC0-301F-11D3-BF4B-00C04F79EFBC}") = "Lab16", "Lab16\Lab16.csproj", "{090FC496-7763-44AB-8DD8-B81F6B003633}"
EndProject
Project("{FAE04EC0-301F-11D3-BF4B-00C04F79EFBC}") = "Task2", "Task2\Task2.csproj", "{B629702C-5BF4-4660-AE21-863C1FAC7923}"
EndProject
Global
	GlobalSection(SolutionConfigurationPlatforms) = preSolution
		Debug|Any CPU = Debug|Any CPU
		Release|Any CPU = Release|Any CPU
	EndGlobalSection
	GlobalSection(ProjectConfigurationPlatforms) = postSolution
		{090FC496-7763-44AB-8DD8-B81F6B003633}.Debug|Any CPU.ActiveCfg = Debug|Any CPU
		{090FC496-7763-44AB-8DD8-B81F6B003633}.Debug|Any CPU.Build.0 = Debug|Any CPU
		{090FC496-7763-44AB-8DD8-B81F6B003633}.Release|Any CPU.ActiveCfg = Release|Any CPU
		{090FC496-7763-44AB-8DD8-B81F6B003633}.Release|Any CPU.Build.0 = Release|Any CPU
		{B629702C-5BF4-4660-AE21-863C1FAC7923}.Debug|Any CPU.ActiveCfg = Debug|Any CPU
		{B629702C-5BF4-4660-AE21-863C1FAC7923}.Debug|Any CPU.Build.0 = Debug|Any CPU
		{B629702C-5BF4-4660-AE21-863C1FAC7923}.Release|Any CPU.ActiveCfg = Release|Any CPU
		{B629702C-5BF4-4660-AE21-863C1FAC7923}.Release|Any CPU.Build.0 = Release|Any CPU
	EndGlobalSection
	GlobalSection(SolutionProperties) = preSolution
		HideSolutionNode = FALSE
	EndGlobalSection
	GlobalSection(ExtensibilityGlobals) = postSolution
		SolutionGuid = {63CDD845-6480-4189-8BB1-8D2026EFB20F}
	EndGlobalSection
EndGlobal
